Microsoft Visual Studio Solution File, Format Version 11.00
# Visual Studio 2008

Project("{A58E2B4F-2B2F-FDBF-043C-6E2EB59FC7AC}") = "4 Brick Smasher", "Assembly-CSharp-vs.csproj", "{CCE9F731-8C6D-7DF6-94A6-33D9B46FE181}"
EndProject
Global
	GlobalSection(SolutionConfigurationPlatforms) = preSolution
		Debug|Any CPU = Debug|Any CPU
		Release|Any CPU = Release|Any CPU
	EndGlobalSection
	GlobalSection(ProjectConfigurationPlatforms) = postSolution
		{CCE9F731-8C6D-7DF6-94A6-33D9B46FE181}.Debug|Any CPU.ActiveCfg = Debug|Any CPU
		{CCE9F731-8C6D-7DF6-94A6-33D9B46FE181}.Debug|Any CPU.Build.0 = Debug|Any CPU
		{CCE9F731-8C6D-7DF6-94A6-33D9B46FE181}.Release|Any CPU.ActiveCfg = Release|Any CPU
		{CCE9F731-8C6D-7DF6-94A6-33D9B46FE181}.Release|Any CPU.Build.0 = Release|Any CPU
	EndGlobalSection
	GlobalSection(SolutionProperties) = preSolution
		HideSolutionNode = FALSE
	EndGlobalSection
																					GlobalSection(MonoDevelopProperties) = preSolution
		StartupItem = Assembly-CSharp.csproj
		Policies = $0
		$0.TextStylePolicy = $1
		$1.inheritsSet = null
		$1.scope = text/x-csharp
		$0.CSharpFormattingPolicy = $2
		$2.inheritsSet = Mono
		$2.inheritsScope = text/x-csharp
		$2.scope = text/x-csharp
		$0.TextStylePolicy = $3
		$3.FileWidth = 120
		$3.TabWidth = 4
		$3.IndentWidth = 4
		$3.EolMarker = Unix
		$3.inheritsSet = Mono
		$3.inheritsScope = text/plain
		$3.scope = text/plain
	EndGlobalSection

EndGlobal
